
Microsoft Visual Studio Solution File, Format Version 12.00
# Visual Studio Version 16
VisualStudioVersion = 16.0.29609.76
MinimumVisualStudioVersion = 10.0.40219.1
Project("{FAE04EC0-301F-11D3-BF4B-00C04F79EFBC}") = "KD_Funkcijos_2_3", "KD_Funkcijos_2_3\KD_Funkcijos_2_3.csproj", "{458D7142-7918-4755-8CBA-8731F6FF370C}"
EndProject
Global
	GlobalSection(SolutionConfigurationPlatforms) = preSolution
		Debug|Any CPU = Debug|Any CPU
		Release|Any CPU = Release|Any CPU
	EndGlobalSection
	GlobalSection(ProjectConfigurationPlatforms) = postSolution
		{458D7142-7918-4755-8CBA-8731F6FF370C}.Debug|Any CPU.ActiveCfg = Debug|Any CPU
		{458D7142-7918-4755-8CBA-8731F6FF370C}.Debug|Any CPU.Build.0 = Debug|Any CPU
		{458D7142-7918-4755-8CBA-8731F6FF370C}.Release|Any CPU.ActiveCfg = Release|Any CPU
		{458D7142-7918-4755-8CBA-8731F6FF370C}.Release|Any CPU.Build.0 = Release|Any CPU
	EndGlobalSection
	GlobalSection(SolutionProperties) = preSolution
		HideSolutionNode = FALSE
	EndGlobalSection
	GlobalSection(ExtensibilityGlobals) = postSolution
		SolutionGuid = {9D6F5581-98F0-441D-94A3-A02429F3770E}
	EndGlobalSection
EndGlobal
