
Microsoft Visual Studio Solution File, Format Version 12.00
# Visual Studio Version 16
VisualStudioVersion = 16.0.29609.76
MinimumVisualStudioVersion = 10.0.40219.1
Project("{FAE04EC0-301F-11D3-BF4B-00C04F79EFBC}") = "KD_Funkcijos_3", "KD_Funkcijos_3\KD_Funkcijos_3.csproj", "{380C56BC-F4F7-4FA3-BAC3-4FB48CE42087}"
EndProject
Global
	GlobalSection(SolutionConfigurationPlatforms) = preSolution
		Debug|Any CPU = Debug|Any CPU
		Release|Any CPU = Release|Any CPU
	EndGlobalSection
	GlobalSection(ProjectConfigurationPlatforms) = postSolution
		{380C56BC-F4F7-4FA3-BAC3-4FB48CE42087}.Debug|Any CPU.ActiveCfg = Debug|Any CPU
		{380C56BC-F4F7-4FA3-BAC3-4FB48CE42087}.Debug|Any CPU.Build.0 = Debug|Any CPU
		{380C56BC-F4F7-4FA3-BAC3-4FB48CE42087}.Release|Any CPU.ActiveCfg = Release|Any CPU
		{380C56BC-F4F7-4FA3-BAC3-4FB48CE42087}.Release|Any CPU.Build.0 = Release|Any CPU
	EndGlobalSection
	GlobalSection(SolutionProperties) = preSolution
		HideSolutionNode = FALSE
	EndGlobalSection
	GlobalSection(ExtensibilityGlobals) = postSolution
		SolutionGuid = {3738897D-E3CD-4834-B750-CDD49F4FC397}
	EndGlobalSection
EndGlobal
