
Microsoft Visual Studio Solution File, Format Version 12.00
# Visual Studio Version 16
VisualStudioVersion = 16.0.29609.76
MinimumVisualStudioVersion = 10.0.40219.1
Project("{FAE04EC0-301F-11D3-BF4B-00C04F79EFBC}") = "KD_Funkcijos_2_1", "KD_Funkcijos_2_1\KD_Funkcijos_2_1.csproj", "{2CA33FF3-1BA5-4172-98E6-35DEE5D7C6E7}"
EndProject
Global
	GlobalSection(SolutionConfigurationPlatforms) = preSolution
		Debug|Any CPU = Debug|Any CPU
		Release|Any CPU = Release|Any CPU
	EndGlobalSection
	GlobalSection(ProjectConfigurationPlatforms) = postSolution
		{2CA33FF3-1BA5-4172-98E6-35DEE5D7C6E7}.Debug|Any CPU.ActiveCfg = Debug|Any CPU
		{2CA33FF3-1BA5-4172-98E6-35DEE5D7C6E7}.Debug|Any CPU.Build.0 = Debug|Any CPU
		{2CA33FF3-1BA5-4172-98E6-35DEE5D7C6E7}.Release|Any CPU.ActiveCfg = Release|Any CPU
		{2CA33FF3-1BA5-4172-98E6-35DEE5D7C6E7}.Release|Any CPU.Build.0 = Release|Any CPU
	EndGlobalSection
	GlobalSection(SolutionProperties) = preSolution
		HideSolutionNode = FALSE
	EndGlobalSection
	GlobalSection(ExtensibilityGlobals) = postSolution
		SolutionGuid = {995A882F-6CC3-43D2-809C-12D35DB434D2}
	EndGlobalSection
EndGlobal
