
Microsoft Visual Studio Solution File, Format Version 12.00
# Visual Studio Version 16
VisualStudioVersion = 16.0.29609.76
MinimumVisualStudioVersion = 10.0.40219.1
Project("{FAE04EC0-301F-11D3-BF4B-00C04F79EFBC}") = "KD_Funkcijos_4", "KD_Funkcijos_4\KD_Funkcijos_4.csproj", "{35C7C1CF-B60E-472A-B677-4C40C2AFDDA9}"
EndProject
Global
	GlobalSection(SolutionConfigurationPlatforms) = preSolution
		Debug|Any CPU = Debug|Any CPU
		Release|Any CPU = Release|Any CPU
	EndGlobalSection
	GlobalSection(ProjectConfigurationPlatforms) = postSolution
		{35C7C1CF-B60E-472A-B677-4C40C2AFDDA9}.Debug|Any CPU.ActiveCfg = Debug|Any CPU
		{35C7C1CF-B60E-472A-B677-4C40C2AFDDA9}.Debug|Any CPU.Build.0 = Debug|Any CPU
		{35C7C1CF-B60E-472A-B677-4C40C2AFDDA9}.Release|Any CPU.ActiveCfg = Release|Any CPU
		{35C7C1CF-B60E-472A-B677-4C40C2AFDDA9}.Release|Any CPU.Build.0 = Release|Any CPU
	EndGlobalSection
	GlobalSection(SolutionProperties) = preSolution
		HideSolutionNode = FALSE
	EndGlobalSection
	GlobalSection(ExtensibilityGlobals) = postSolution
		SolutionGuid = {483DC688-4479-413D-8DCC-5F206720FD85}
	EndGlobalSection
EndGlobal
